
Microsoft Visual Studio Solution File, Format Version 12.00
# Visual Studio Version 17
VisualStudioVersion = 17.11.35327.3
MinimumVisualStudioVersion = 10.0.40219.1
Project("{9A19103F-16F7-4668-BE54-9A1E7A4F7556}") = "SingleResponsability", "Solid\SingleResponsability.csproj", "{DCD59ABB-CF56-4B3A-903D-056957656471}"
EndProject
Project("{FAE04EC0-301F-11D3-BF4B-00C04F79EFBC}") = "OpenClosed", "OpenClosed\OpenClosed.csproj", "{20878841-914C-45A4-A71B-7C46E2E5689D}"
EndProject
Project("{FAE04EC0-301F-11D3-BF4B-00C04F79EFBC}") = "Liskov", "Liskov\Liskov.csproj", "{C5604057-DA18-4FCB-9971-47A98E2DF748}"
EndProject
Project("{FAE04EC0-301F-11D3-BF4B-00C04F79EFBC}") = "InterfaceSegregation", "InterfaceSegregation\InterfaceSegregation.csproj", "{114A6CDB-A9B5-4208-A110-72B7E8F7A49B}"
EndProject
Project("{FAE04EC0-301F-11D3-BF4B-00C04F79EFBC}") = "DependencyInversion", "InversionDependency\DependencyInversion.csproj", "{D392575C-A188-4AB0-98B8-755FE3DEB09F}"
EndProject
Global
	GlobalSection(SolutionConfigurationPlatforms) = preSolution
		Debug|Any CPU = Debug|Any CPU
		Release|Any CPU = Release|Any CPU
	EndGlobalSection
	GlobalSection(ProjectConfigurationPlatforms) = postSolution
		{DCD59ABB-CF56-4B3A-903D-056957656471}.Debug|Any CPU.ActiveCfg = Debug|Any CPU
		{DCD59ABB-CF56-4B3A-903D-056957656471}.Debug|Any CPU.Build.0 = Debug|Any CPU
		{DCD59ABB-CF56-4B3A-903D-056957656471}.Release|Any CPU.ActiveCfg = Release|Any CPU
		{DCD59ABB-CF56-4B3A-903D-056957656471}.Release|Any CPU.Build.0 = Release|Any CPU
		{20878841-914C-45A4-A71B-7C46E2E5689D}.Debug|Any CPU.ActiveCfg = Debug|Any CPU
		{20878841-914C-45A4-A71B-7C46E2E5689D}.Debug|Any CPU.Build.0 = Debug|Any CPU
		{20878841-914C-45A4-A71B-7C46E2E5689D}.Release|Any CPU.ActiveCfg = Release|Any CPU
		{20878841-914C-45A4-A71B-7C46E2E5689D}.Release|Any CPU.Build.0 = Release|Any CPU
		{C5604057-DA18-4FCB-9971-47A98E2DF748}.Debug|Any CPU.ActiveCfg = Debug|Any CPU
		{C5604057-DA18-4FCB-9971-47A98E2DF748}.Debug|Any CPU.Build.0 = Debug|Any CPU
		{C5604057-DA18-4FCB-9971-47A98E2DF748}.Release|Any CPU.ActiveCfg = Release|Any CPU
		{C5604057-DA18-4FCB-9971-47A98E2DF748}.Release|Any CPU.Build.0 = Release|Any CPU
		{114A6CDB-A9B5-4208-A110-72B7E8F7A49B}.Debug|Any CPU.ActiveCfg = Debug|Any CPU
		{114A6CDB-A9B5-4208-A110-72B7E8F7A49B}.Debug|Any CPU.Build.0 = Debug|Any CPU
		{114A6CDB-A9B5-4208-A110-72B7E8F7A49B}.Release|Any CPU.ActiveCfg = Release|Any CPU
		{114A6CDB-A9B5-4208-A110-72B7E8F7A49B}.Release|Any CPU.Build.0 = Release|Any CPU
		{D392575C-A188-4AB0-98B8-755FE3DEB09F}.Debug|Any CPU.ActiveCfg = Debug|Any CPU
		{D392575C-A188-4AB0-98B8-755FE3DEB09F}.Debug|Any CPU.Build.0 = Debug|Any CPU
		{D392575C-A188-4AB0-98B8-755FE3DEB09F}.Release|Any CPU.ActiveCfg = Release|Any CPU
		{D392575C-A188-4AB0-98B8-755FE3DEB09F}.Release|Any CPU.Build.0 = Release|Any CPU
	EndGlobalSection
	GlobalSection(SolutionProperties) = preSolution
		HideSolutionNode = FALSE
	EndGlobalSection
	GlobalSection(ExtensibilityGlobals) = postSolution
		SolutionGuid = {26AA2B88-030D-4137-98F6-AB7F3B23284E}
	EndGlobalSection
EndGlobal
